
Microsoft Visual Studio Solution File, Format Version 11.00
# Visual Studio 2010
Project("{FAE04EC0-301F-11D3-BF4B-00C04F79EFBC}") = "Euler 01", "Euler 1\Euler 01.csproj", "{2AB9083C-367D-4FC1-A0D1-666FB54BE933}"
EndProject
Project("{FAE04EC0-301F-11D3-BF4B-00C04F79EFBC}") = "Euler 02", "Euler 2\Euler 02.csproj", "{F15ADA54-FDDA-411B-B171-AC30ECAAF570}"
EndProject
Project("{FAE04EC0-301F-11D3-BF4B-00C04F79EFBC}") = "Euler 03", "Euler 3\Euler 03.csproj", "{1352BAA1-0EB7-4030-AA40-5D6D62C6EEAF}"
EndProject
Project("{FAE04EC0-301F-11D3-BF4B-00C04F79EFBC}") = "Euler 04", "Euler 4\Euler 04.csproj", "{54C9D373-8D84-46D0-8E5F-24AAF1515A76}"
EndProject
Project("{FAE04EC0-301F-11D3-BF4B-00C04F79EFBC}") = "Euler 05", "Euler 5\Euler 05.csproj", "{F561A0E9-DE7D-49CA-AEBE-4041743A2EF6}"
EndProject
Project("{FAE04EC0-301F-11D3-BF4B-00C04F79EFBC}") = "Euler 06", "Euler 6\Euler 06.csproj", "{29229805-BEF9-403E-AC0D-1A5D3404D610}"
EndProject
Project("{FAE04EC0-301F-11D3-BF4B-00C04F79EFBC}") = "Euler 07", "Euler 7\Euler 07.csproj", "{1CD90FA5-E342-4552-8438-4FD46CEF7C9B}"
EndProject
Project("{FAE04EC0-301F-11D3-BF4B-00C04F79EFBC}") = "Euler 08", "Euler 8\Euler 08.csproj", "{B4D3AFF8-FC08-49A1-B119-875F1D2D3D86}"
EndProject
Project("{FAE04EC0-301F-11D3-BF4B-00C04F79EFBC}") = "Euler 09", "Euler 9\Euler 09.csproj", "{B3C2D76F-207F-4E39-ACEA-7349647AA91C}"
EndProject
Project("{FAE04EC0-301F-11D3-BF4B-00C04F79EFBC}") = "Euler 10", "Euler 10\Euler 10.csproj", "{A460C121-9777-4CB7-91CE-A340666E851B}"
EndProject
Project("{FAE04EC0-301F-11D3-BF4B-00C04F79EFBC}") = "Euler 11", "Euler 11\Euler 11.csproj", "{0333526C-2CE7-40EF-A6A5-C9ADE4D85F79}"
EndProject
Project("{FAE04EC0-301F-11D3-BF4B-00C04F79EFBC}") = "Euler 12", "Euler 12\Euler 12.csproj", "{E166D62A-5B24-4C79-8227-54832D74C912}"
EndProject
Project("{FAE04EC0-301F-11D3-BF4B-00C04F79EFBC}") = "Euler 13", "Euler 13\Euler 13.csproj", "{D217A1B8-0871-422B-B35A-F0B40F7A9BF5}"
EndProject
Project("{FAE04EC0-301F-11D3-BF4B-00C04F79EFBC}") = "Euler 14", "Euler 14\Euler 14.csproj", "{6866E45F-5F8B-4A6C-91E5-5D2B912700A2}"
EndProject
Project("{FAE04EC0-301F-11D3-BF4B-00C04F79EFBC}") = "Euler 15", "Euler 15\Euler 15.csproj", "{9EDE1DA8-9CEB-4487-9E6F-A5118F2A4500}"
EndProject
Project("{FAE04EC0-301F-11D3-BF4B-00C04F79EFBC}") = "Euler 16", "Euler 16\Euler 16.csproj", "{80A45EA0-671E-44F1-8108-1D914A4B73D2}"
EndProject
Project("{FAE04EC0-301F-11D3-BF4B-00C04F79EFBC}") = "Euler 17", "Euler 17\Euler 17.csproj", "{1A75EBEC-B114-41A3-BBBB-41B57CE2AFDC}"
EndProject
Project("{FAE04EC0-301F-11D3-BF4B-00C04F79EFBC}") = "Euler 18", "Euler 18\Euler 18.csproj", "{2974306C-2897-4E8D-8A2B-F89F4D01C160}"
EndProject
Project("{FAE04EC0-301F-11D3-BF4B-00C04F79EFBC}") = "Euler 19", "Euler 19\Euler 19.csproj", "{DEDEE055-04B3-4F3E-BFDC-21C5D890D22A}"
EndProject
Project("{FAE04EC0-301F-11D3-BF4B-00C04F79EFBC}") = "Euler 20", "Euler 20\Euler 20.csproj", "{073ACCFD-15FB-4095-97A6-B54FA368ED60}"
EndProject
Project("{FAE04EC0-301F-11D3-BF4B-00C04F79EFBC}") = "Euler 21", "Euler 21\Euler 21.csproj", "{AB29BD10-F439-4CC7-B594-5651FB053AFA}"
EndProject
Project("{FAE04EC0-301F-11D3-BF4B-00C04F79EFBC}") = "Euler 22", "Euler 22\Euler 22.csproj", "{B1AC91EE-40C1-4051-B692-10D77811BC57}"
EndProject
Project("{FAE04EC0-301F-11D3-BF4B-00C04F79EFBC}") = "Euler 23", "Euler 23\Euler 23.csproj", "{C77AE83F-8DA9-4FB6-8955-0B85785D2F55}"
EndProject
Project("{FAE04EC0-301F-11D3-BF4B-00C04F79EFBC}") = "Euler 24", "Euler 24\Euler 24.csproj", "{2AF47310-F7E0-4E32-A086-E3B3D032B5CC}"
EndProject
Project("{FAE04EC0-301F-11D3-BF4B-00C04F79EFBC}") = "Euler 25", "Euler 25\Euler 25.csproj", "{A8B6ED89-257C-493F-9383-8E75E1508FEF}"
EndProject
Project("{FAE04EC0-301F-11D3-BF4B-00C04F79EFBC}") = "Euler 26", "Euler 26\Euler 26.csproj", "{D851CB17-7EFC-4516-8BC0-CAC899E934A7}"
EndProject
Global
	GlobalSection(SolutionConfigurationPlatforms) = preSolution
		Debug|x86 = Debug|x86
		Release|x86 = Release|x86
	EndGlobalSection
	GlobalSection(ProjectConfigurationPlatforms) = postSolution
		{2AB9083C-367D-4FC1-A0D1-666FB54BE933}.Debug|x86.ActiveCfg = Debug|x86
		{2AB9083C-367D-4FC1-A0D1-666FB54BE933}.Debug|x86.Build.0 = Debug|x86
		{2AB9083C-367D-4FC1-A0D1-666FB54BE933}.Release|x86.ActiveCfg = Release|x86
		{2AB9083C-367D-4FC1-A0D1-666FB54BE933}.Release|x86.Build.0 = Release|x86
		{F15ADA54-FDDA-411B-B171-AC30ECAAF570}.Debug|x86.ActiveCfg = Debug|x86
		{F15ADA54-FDDA-411B-B171-AC30ECAAF570}.Debug|x86.Build.0 = Debug|x86
		{F15ADA54-FDDA-411B-B171-AC30ECAAF570}.Release|x86.ActiveCfg = Release|x86
		{F15ADA54-FDDA-411B-B171-AC30ECAAF570}.Release|x86.Build.0 = Release|x86
		{1352BAA1-0EB7-4030-AA40-5D6D62C6EEAF}.Debug|x86.ActiveCfg = Debug|x86
		{1352BAA1-0EB7-4030-AA40-5D6D62C6EEAF}.Debug|x86.Build.0 = Debug|x86
		{1352BAA1-0EB7-4030-AA40-5D6D62C6EEAF}.Release|x86.ActiveCfg = Release|x86
		{1352BAA1-0EB7-4030-AA40-5D6D62C6EEAF}.Release|x86.Build.0 = Release|x86
		{54C9D373-8D84-46D0-8E5F-24AAF1515A76}.Debug|x86.ActiveCfg = Debug|x86
		{54C9D373-8D84-46D0-8E5F-24AAF1515A76}.Debug|x86.Build.0 = Debug|x86
		{54C9D373-8D84-46D0-8E5F-24AAF1515A76}.Release|x86.ActiveCfg = Release|x86
		{54C9D373-8D84-46D0-8E5F-24AAF1515A76}.Release|x86.Build.0 = Release|x86
		{F561A0E9-DE7D-49CA-AEBE-4041743A2EF6}.Debug|x86.ActiveCfg = Debug|x86
		{F561A0E9-DE7D-49CA-AEBE-4041743A2EF6}.Debug|x86.Build.0 = Debug|x86
		{F561A0E9-DE7D-49CA-AEBE-4041743A2EF6}.Release|x86.ActiveCfg = Release|x86
		{F561A0E9-DE7D-49CA-AEBE-4041743A2EF6}.Release|x86.Build.0 = Release|x86
		{29229805-BEF9-403E-AC0D-1A5D3404D610}.Debug|x86.ActiveCfg = Debug|x86
		{29229805-BEF9-403E-AC0D-1A5D3404D610}.Debug|x86.Build.0 = Debug|x86
		{29229805-BEF9-403E-AC0D-1A5D3404D610}.Release|x86.ActiveCfg = Release|x86
		{29229805-BEF9-403E-AC0D-1A5D3404D610}.Release|x86.Build.0 = Release|x86
		{1CD90FA5-E342-4552-8438-4FD46CEF7C9B}.Debug|x86.ActiveCfg = Debug|x86
		{1CD90FA5-E342-4552-8438-4FD46CEF7C9B}.Debug|x86.Build.0 = Debug|x86
		{1CD90FA5-E342-4552-8438-4FD46CEF7C9B}.Release|x86.ActiveCfg = Release|x86
		{1CD90FA5-E342-4552-8438-4FD46CEF7C9B}.Release|x86.Build.0 = Release|x86
		{B4D3AFF8-FC08-49A1-B119-875F1D2D3D86}.Debug|x86.ActiveCfg = Debug|x86
		{B4D3AFF8-FC08-49A1-B119-875F1D2D3D86}.Debug|x86.Build.0 = Debug|x86
		{B4D3AFF8-FC08-49A1-B119-875F1D2D3D86}.Release|x86.ActiveCfg = Release|x86
		{B4D3AFF8-FC08-49A1-B119-875F1D2D3D86}.Release|x86.Build.0 = Release|x86
		{B3C2D76F-207F-4E39-ACEA-7349647AA91C}.Debug|x86.ActiveCfg = Debug|x86
		{B3C2D76F-207F-4E39-ACEA-7349647AA91C}.Debug|x86.Build.0 = Debug|x86
		{B3C2D76F-207F-4E39-ACEA-7349647AA91C}.Release|x86.ActiveCfg = Release|x86
		{B3C2D76F-207F-4E39-ACEA-7349647AA91C}.Release|x86.Build.0 = Release|x86
		{A460C121-9777-4CB7-91CE-A340666E851B}.Debug|x86.ActiveCfg = Debug|x86
		{A460C121-9777-4CB7-91CE-A340666E851B}.Debug|x86.Build.0 = Debug|x86
		{A460C121-9777-4CB7-91CE-A340666E851B}.Release|x86.ActiveCfg = Release|x86
		{A460C121-9777-4CB7-91CE-A340666E851B}.Release|x86.Build.0 = Release|x86
		{0333526C-2CE7-40EF-A6A5-C9ADE4D85F79}.Debug|x86.ActiveCfg = Debug|x86
		{0333526C-2CE7-40EF-A6A5-C9ADE4D85F79}.Debug|x86.Build.0 = Debug|x86
		{0333526C-2CE7-40EF-A6A5-C9ADE4D85F79}.Release|x86.ActiveCfg = Release|x86
		{0333526C-2CE7-40EF-A6A5-C9ADE4D85F79}.Release|x86.Build.0 = Release|x86
		{E166D62A-5B24-4C79-8227-54832D74C912}.Debug|x86.ActiveCfg = Debug|x86
		{E166D62A-5B24-4C79-8227-54832D74C912}.Debug|x86.Build.0 = Debug|x86
		{E166D62A-5B24-4C79-8227-54832D74C912}.Release|x86.ActiveCfg = Release|x86
		{E166D62A-5B24-4C79-8227-54832D74C912}.Release|x86.Build.0 = Release|x86
		{D217A1B8-0871-422B-B35A-F0B40F7A9BF5}.Debug|x86.ActiveCfg = Debug|x86
		{D217A1B8-0871-422B-B35A-F0B40F7A9BF5}.Debug|x86.Build.0 = Debug|x86
		{D217A1B8-0871-422B-B35A-F0B40F7A9BF5}.Release|x86.ActiveCfg = Release|x86
		{D217A1B8-0871-422B-B35A-F0B40F7A9BF5}.Release|x86.Build.0 = Release|x86
		{6866E45F-5F8B-4A6C-91E5-5D2B912700A2}.Debug|x86.ActiveCfg = Debug|x86
		{6866E45F-5F8B-4A6C-91E5-5D2B912700A2}.Debug|x86.Build.0 = Debug|x86
		{6866E45F-5F8B-4A6C-91E5-5D2B912700A2}.Release|x86.ActiveCfg = Release|x86
		{6866E45F-5F8B-4A6C-91E5-5D2B912700A2}.Release|x86.Build.0 = Release|x86
		{9EDE1DA8-9CEB-4487-9E6F-A5118F2A4500}.Debug|x86.ActiveCfg = Debug|x86
		{9EDE1DA8-9CEB-4487-9E6F-A5118F2A4500}.Debug|x86.Build.0 = Debug|x86
		{9EDE1DA8-9CEB-4487-9E6F-A5118F2A4500}.Release|x86.ActiveCfg = Release|x86
		{9EDE1DA8-9CEB-4487-9E6F-A5118F2A4500}.Release|x86.Build.0 = Release|x86
		{80A45EA0-671E-44F1-8108-1D914A4B73D2}.Debug|x86.ActiveCfg = Debug|x86
		{80A45EA0-671E-44F1-8108-1D914A4B73D2}.Debug|x86.Build.0 = Debug|x86
		{80A45EA0-671E-44F1-8108-1D914A4B73D2}.Release|x86.ActiveCfg = Release|x86
		{80A45EA0-671E-44F1-8108-1D914A4B73D2}.Release|x86.Build.0 = Release|x86
		{1A75EBEC-B114-41A3-BBBB-41B57CE2AFDC}.Debug|x86.ActiveCfg = Debug|x86
		{1A75EBEC-B114-41A3-BBBB-41B57CE2AFDC}.Debug|x86.Build.0 = Debug|x86
		{1A75EBEC-B114-41A3-BBBB-41B57CE2AFDC}.Release|x86.ActiveCfg = Release|x86
		{1A75EBEC-B114-41A3-BBBB-41B57CE2AFDC}.Release|x86.Build.0 = Release|x86
		{2974306C-2897-4E8D-8A2B-F89F4D01C160}.Debug|x86.ActiveCfg = Debug|x86
		{2974306C-2897-4E8D-8A2B-F89F4D01C160}.Debug|x86.Build.0 = Debug|x86
		{2974306C-2897-4E8D-8A2B-F89F4D01C160}.Release|x86.ActiveCfg = Release|x86
		{2974306C-2897-4E8D-8A2B-F89F4D01C160}.Release|x86.Build.0 = Release|x86
		{DEDEE055-04B3-4F3E-BFDC-21C5D890D22A}.Debug|x86.ActiveCfg = Debug|x86
		{DEDEE055-04B3-4F3E-BFDC-21C5D890D22A}.Debug|x86.Build.0 = Debug|x86
		{DEDEE055-04B3-4F3E-BFDC-21C5D890D22A}.Release|x86.ActiveCfg = Release|x86
		{DEDEE055-04B3-4F3E-BFDC-21C5D890D22A}.Release|x86.Build.0 = Release|x86
		{073ACCFD-15FB-4095-97A6-B54FA368ED60}.Debug|x86.ActiveCfg = Debug|x86
		{073ACCFD-15FB-4095-97A6-B54FA368ED60}.Debug|x86.Build.0 = Debug|x86
		{073ACCFD-15FB-4095-97A6-B54FA368ED60}.Release|x86.ActiveCfg = Release|x86
		{073ACCFD-15FB-4095-97A6-B54FA368ED60}.Release|x86.Build.0 = Release|x86
		{AB29BD10-F439-4CC7-B594-5651FB053AFA}.Debug|x86.ActiveCfg = Debug|x86
		{AB29BD10-F439-4CC7-B594-5651FB053AFA}.Debug|x86.Build.0 = Debug|x86
		{AB29BD10-F439-4CC7-B594-5651FB053AFA}.Release|x86.ActiveCfg = Release|x86
		{AB29BD10-F439-4CC7-B594-5651FB053AFA}.Release|x86.Build.0 = Release|x86
		{B1AC91EE-40C1-4051-B692-10D77811BC57}.Debug|x86.ActiveCfg = Debug|x86
		{B1AC91EE-40C1-4051-B692-10D77811BC57}.Debug|x86.Build.0 = Debug|x86
		{B1AC91EE-40C1-4051-B692-10D77811BC57}.Release|x86.ActiveCfg = Release|x86
		{B1AC91EE-40C1-4051-B692-10D77811BC57}.Release|x86.Build.0 = Release|x86
		{C77AE83F-8DA9-4FB6-8955-0B85785D2F55}.Debug|x86.ActiveCfg = Debug|x86
		{C77AE83F-8DA9-4FB6-8955-0B85785D2F55}.Debug|x86.Build.0 = Debug|x86
		{C77AE83F-8DA9-4FB6-8955-0B85785D2F55}.Release|x86.ActiveCfg = Release|x86
		{C77AE83F-8DA9-4FB6-8955-0B85785D2F55}.Release|x86.Build.0 = Release|x86
		{2AF47310-F7E0-4E32-A086-E3B3D032B5CC}.Debug|x86.ActiveCfg = Debug|x86
		{2AF47310-F7E0-4E32-A086-E3B3D032B5CC}.Debug|x86.Build.0 = Debug|x86
		{2AF47310-F7E0-4E32-A086-E3B3D032B5CC}.Release|x86.ActiveCfg = Release|x86
		{2AF47310-F7E0-4E32-A086-E3B3D032B5CC}.Release|x86.Build.0 = Release|x86
		{A8B6ED89-257C-493F-9383-8E75E1508FEF}.Debug|x86.ActiveCfg = Debug|x86
		{A8B6ED89-257C-493F-9383-8E75E1508FEF}.Debug|x86.Build.0 = Debug|x86
		{A8B6ED89-257C-493F-9383-8E75E1508FEF}.Release|x86.ActiveCfg = Release|x86
		{A8B6ED89-257C-493F-9383-8E75E1508FEF}.Release|x86.Build.0 = Release|x86
		{D851CB17-7EFC-4516-8BC0-CAC899E934A7}.Debug|x86.ActiveCfg = Debug|x86
		{D851CB17-7EFC-4516-8BC0-CAC899E934A7}.Debug|x86.Build.0 = Debug|x86
		{D851CB17-7EFC-4516-8BC0-CAC899E934A7}.Release|x86.ActiveCfg = Release|x86
		{D851CB17-7EFC-4516-8BC0-CAC899E934A7}.Release|x86.Build.0 = Release|x86
	EndGlobalSection
	GlobalSection(SolutionProperties) = preSolution
		HideSolutionNode = FALSE
	EndGlobalSection
EndGlobal
